
Microsoft Visual Studio Solution File, Format Version 12.00
# Visual Studio 2012
Project("{FAE04EC0-301F-11D3-BF4B-00C04F79EFBC}") = "PRACTA6", "PRACTA6\PRACTA6.csproj", "{423D16E7-25A7-4805-8220-D8E40A3E0C59}"
EndProject
Global
	GlobalSection(SolutionConfigurationPlatforms) = preSolution
		Debug|Any CPU = Debug|Any CPU
		Release|Any CPU = Release|Any CPU
	EndGlobalSection
	GlobalSection(ProjectConfigurationPlatforms) = postSolution
		{423D16E7-25A7-4805-8220-D8E40A3E0C59}.Debug|Any CPU.ActiveCfg = Debug|Any CPU
		{423D16E7-25A7-4805-8220-D8E40A3E0C59}.Debug|Any CPU.Build.0 = Debug|Any CPU
		{423D16E7-25A7-4805-8220-D8E40A3E0C59}.Release|Any CPU.ActiveCfg = Release|Any CPU
		{423D16E7-25A7-4805-8220-D8E40A3E0C59}.Release|Any CPU.Build.0 = Release|Any CPU
	EndGlobalSection
	GlobalSection(SolutionProperties) = preSolution
		HideSolutionNode = FALSE
	EndGlobalSection
EndGlobal
