
Microsoft Visual Studio Solution File, Format Version 12.00
# Visual Studio 2012
Project("{FAE04EC0-301F-11D3-BF4B-00C04F79EFBC}") = "PRACTA5_3", "PRACTA5_3\PRACTA5_3.csproj", "{4DA44DDE-D09A-46AE-8A9B-BA7133D8F63A}"
EndProject
Global
	GlobalSection(SolutionConfigurationPlatforms) = preSolution
		Debug|Any CPU = Debug|Any CPU
		Release|Any CPU = Release|Any CPU
	EndGlobalSection
	GlobalSection(ProjectConfigurationPlatforms) = postSolution
		{4DA44DDE-D09A-46AE-8A9B-BA7133D8F63A}.Debug|Any CPU.ActiveCfg = Debug|Any CPU
		{4DA44DDE-D09A-46AE-8A9B-BA7133D8F63A}.Debug|Any CPU.Build.0 = Debug|Any CPU
		{4DA44DDE-D09A-46AE-8A9B-BA7133D8F63A}.Release|Any CPU.ActiveCfg = Release|Any CPU
		{4DA44DDE-D09A-46AE-8A9B-BA7133D8F63A}.Release|Any CPU.Build.0 = Release|Any CPU
	EndGlobalSection
	GlobalSection(SolutionProperties) = preSolution
		HideSolutionNode = FALSE
	EndGlobalSection
EndGlobal
